
Microsoft Visual Studio Solution File, Format Version 12.00
# Visual Studio Version 17
VisualStudioVersion = 17.0.32014.148
MinimumVisualStudioVersion = 10.0.40219.1
Project("{FAE04EC0-301F-11D3-BF4B-00C04F79EFBC}") = "ExcelToDBInsertScriptApp", "ExcelToDBInsertScriptApp\ExcelToDBInsertScriptApp.csproj", "{D79C9AF2-8B2F-4569-ACB9-7B89885AB73D}"
EndProject
Global
	GlobalSection(SolutionConfigurationPlatforms) = preSolution
		Debug|Any CPU = Debug|Any CPU
		Release|Any CPU = Release|Any CPU
	EndGlobalSection
	GlobalSection(ProjectConfigurationPlatforms) = postSolution
		{D79C9AF2-8B2F-4569-ACB9-7B89885AB73D}.Debug|Any CPU.ActiveCfg = Debug|Any CPU
		{D79C9AF2-8B2F-4569-ACB9-7B89885AB73D}.Debug|Any CPU.Build.0 = Debug|Any CPU
		{D79C9AF2-8B2F-4569-ACB9-7B89885AB73D}.Release|Any CPU.ActiveCfg = Release|Any CPU
		{D79C9AF2-8B2F-4569-ACB9-7B89885AB73D}.Release|Any CPU.Build.0 = Release|Any CPU
	EndGlobalSection
	GlobalSection(SolutionProperties) = preSolution
		HideSolutionNode = FALSE
	EndGlobalSection
	GlobalSection(ExtensibilityGlobals) = postSolution
		SolutionGuid = {042348E4-4D73-4EF3-8C47-8267135E2BD3}
	EndGlobalSection
EndGlobal
